
Microsoft Visual Studio Solution File, Format Version 12.00
# Visual Studio Version 17
VisualStudioVersion = 17.0.31903.59
MinimumVisualStudioVersion = 10.0.40219.1
Project("{FAE04EC0-301F-11D3-BF4B-00C04F79EFBC}") = "LifeCountdown.App", "LifeCountdown.App\LifeCountdown.App.csproj", "{4D017DC9-A07E-48C9-A048-EFEDE746A7A8}"
EndProject
Project("{FAE04EC0-301F-11D3-BF4B-00C04F79EFBC}") = "LifeCountdown.Tests", "LifeCountdown.Tests\LifeCountdown.Tests.csproj", "{E40F49DA-DF40-4A86-AF61-E7501A707B7D}"
EndProject
Global
	GlobalSection(SolutionConfigurationPlatforms) = preSolution
		Debug|Any CPU = Debug|Any CPU
		Debug|x64 = Debug|x64
		Debug|x86 = Debug|x86
		Release|Any CPU = Release|Any CPU
		Release|x64 = Release|x64
		Release|x86 = Release|x86
	EndGlobalSection
	GlobalSection(ProjectConfigurationPlatforms) = postSolution
		{4D017DC9-A07E-48C9-A048-EFEDE746A7A8}.Debug|Any CPU.ActiveCfg = Debug|Any CPU
		{4D017DC9-A07E-48C9-A048-EFEDE746A7A8}.Debug|Any CPU.Build.0 = Debug|Any CPU
		{4D017DC9-A07E-48C9-A048-EFEDE746A7A8}.Debug|x64.ActiveCfg = Debug|Any CPU
		{4D017DC9-A07E-48C9-A048-EFEDE746A7A8}.Debug|x64.Build.0 = Debug|Any CPU
		{4D017DC9-A07E-48C9-A048-EFEDE746A7A8}.Debug|x86.ActiveCfg = Debug|Any CPU
		{4D017DC9-A07E-48C9-A048-EFEDE746A7A8}.Debug|x86.Build.0 = Debug|Any CPU
		{4D017DC9-A07E-48C9-A048-EFEDE746A7A8}.Release|Any CPU.ActiveCfg = Release|Any CPU
		{4D017DC9-A07E-48C9-A048-EFEDE746A7A8}.Release|Any CPU.Build.0 = Release|Any CPU
		{4D017DC9-A07E-48C9-A048-EFEDE746A7A8}.Release|x64.ActiveCfg = Release|Any CPU
		{4D017DC9-A07E-48C9-A048-EFEDE746A7A8}.Release|x64.Build.0 = Release|Any CPU
		{4D017DC9-A07E-48C9-A048-EFEDE746A7A8}.Release|x86.ActiveCfg = Release|Any CPU
		{4D017DC9-A07E-48C9-A048-EFEDE746A7A8}.Release|x86.Build.0 = Release|Any CPU
		{E40F49DA-DF40-4A86-AF61-E7501A707B7D}.Debug|Any CPU.ActiveCfg = Debug|Any CPU
		{E40F49DA-DF40-4A86-AF61-E7501A707B7D}.Debug|Any CPU.Build.0 = Debug|Any CPU
		{E40F49DA-DF40-4A86-AF61-E7501A707B7D}.Debug|x64.ActiveCfg = Debug|Any CPU
		{E40F49DA-DF40-4A86-AF61-E7501A707B7D}.Debug|x64.Build.0 = Debug|Any CPU
		{E40F49DA-DF40-4A86-AF61-E7501A707B7D}.Debug|x86.ActiveCfg = Debug|Any CPU
		{E40F49DA-DF40-4A86-AF61-E7501A707B7D}.Debug|x86.Build.0 = Debug|Any CPU
		{E40F49DA-DF40-4A86-AF61-E7501A707B7D}.Release|Any CPU.ActiveCfg = Release|Any CPU
		{E40F49DA-DF40-4A86-AF61-E7501A707B7D}.Release|Any CPU.Build.0 = Release|Any CPU
		{E40F49DA-DF40-4A86-AF61-E7501A707B7D}.Release|x64.ActiveCfg = Release|Any CPU
		{E40F49DA-DF40-4A86-AF61-E7501A707B7D}.Release|x64.Build.0 = Release|Any CPU
		{E40F49DA-DF40-4A86-AF61-E7501A707B7D}.Release|x86.ActiveCfg = Release|Any CPU
		{E40F49DA-DF40-4A86-AF61-E7501A707B7D}.Release|x86.Build.0 = Release|Any CPU
	EndGlobalSection
	GlobalSection(SolutionProperties) = preSolution
		HideSolutionNode = FALSE
	EndGlobalSection
EndGlobal
